
Microsoft Visual Studio Solution File, Format Version 12.00
# Visual Studio 15
VisualStudioVersion = 15.0.28010.2016
MinimumVisualStudioVersion = 10.0.40219.1
Project("{FAE04EC0-301F-11D3-BF4B-00C04F79EFBC}") = "StateHasChanged2", "StateHasChanged2\StateHasChanged2.csproj", "{875B85A9-85CF-4197-8D41-E01B985FB323}"
EndProject
Global
	GlobalSection(SolutionConfigurationPlatforms) = preSolution
		Debug|Any CPU = Debug|Any CPU
		Release|Any CPU = Release|Any CPU
	EndGlobalSection
	GlobalSection(ProjectConfigurationPlatforms) = postSolution
		{875B85A9-85CF-4197-8D41-E01B985FB323}.Debug|Any CPU.ActiveCfg = Debug|Any CPU
		{875B85A9-85CF-4197-8D41-E01B985FB323}.Debug|Any CPU.Build.0 = Debug|Any CPU
		{875B85A9-85CF-4197-8D41-E01B985FB323}.Release|Any CPU.ActiveCfg = Release|Any CPU
		{875B85A9-85CF-4197-8D41-E01B985FB323}.Release|Any CPU.Build.0 = Release|Any CPU
	EndGlobalSection
	GlobalSection(SolutionProperties) = preSolution
		HideSolutionNode = FALSE
	EndGlobalSection
	GlobalSection(ExtensibilityGlobals) = postSolution
		SolutionGuid = {B1045C5A-8952-49C9-9193-279C574022DC}
	EndGlobalSection
EndGlobal
